
Microsoft Visual Studio Solution File, Format Version 12.00
# Visual Studio Version 16
VisualStudioVersion = 16.0.31205.134
MinimumVisualStudioVersion = 10.0.40219.1
Project("{8BC9CEB8-8B4A-11D0-8D11-00A0C91BC942}") = "ConsoleApps", "ConsoleApps\ConsoleApps.vcxproj", "{B5B54474-49D5-4374-814F-6FCE0C39B7DB}"
EndProject
Project("{8BC9CEB8-8B4A-11D0-8D11-00A0C91BC942}") = "RPG", "RPG\RPG.vcxproj", "{7F29FFF3-546D-4546-826D-053F42E5D579}"
EndProject
Project("{8BC9CEB8-8B4A-11D0-8D11-00A0C91BC942}") = "VariablesAndConstants", "VariablesAndConstants\VariablesAndConstants.vcxproj", "{EEFB1442-BC98-4314-9AD7-E98F445DD3D0}"
EndProject
Project("{8BC9CEB8-8B4A-11D0-8D11-00A0C91BC942}") = "RPGinstructions", "RPGinstructions\RPGinstructions.vcxproj", "{67B8A77E-CF2C-499D-893F-93A61464FE9F}"
EndProject
Project("{8BC9CEB8-8B4A-11D0-8D11-00A0C91BC942}") = "OneVariable1-10", "OneVariable1-10\OneVariable1-10.vcxproj", "{3455B703-A5D6-4E78-B812-143B2B72E99D}"
EndProject
Project("{8BC9CEB8-8B4A-11D0-8D11-00A0C91BC942}") = "aLittleDivision", "aLittleDivision\aLittleDivision.vcxproj", "{F3747C6B-9B16-421B-80CC-36FA2F70094F}"
EndProject
Project("{8BC9CEB8-8B4A-11D0-8D11-00A0C91BC942}") = "RandomNumbers", "RandomNumbers\RandomNumbers.vcxproj", "{4D645C0E-1CAD-4E26-A747-5098E622A863}"
EndProject
Project("{8BC9CEB8-8B4A-11D0-8D11-00A0C91BC942}") = "Test", "Test\Test.vcxproj", "{2147E26B-7E3E-44BB-BBE3-C78F165F6C38}"
EndProject
Project("{8BC9CEB8-8B4A-11D0-8D11-00A0C91BC942}") = "MoreRandom", "MoreRandom\MoreRandom.vcxproj", "{20004D10-11EC-4AB9-B692-706EC1231B06}"
EndProject
Project("{8BC9CEB8-8B4A-11D0-8D11-00A0C91BC942}") = "BusCharter", "BusCharter\BusCharter.vcxproj", "{11AFBFAA-8C1F-402E-AFA9-026666F6F131}"
EndProject
Project("{8BC9CEB8-8B4A-11D0-8D11-00A0C91BC942}") = "Averages", "Averages\Averages.vcxproj", "{4E5D6B7E-F22B-49FC-B2F8-B10FB3968E68}"
EndProject
Project("{8BC9CEB8-8B4A-11D0-8D11-00A0C91BC942}") = "Science Quiz Using If", "Science Quiz Using If\Science Quiz Using If.vcxproj", "{3B713909-18D0-4DBD-B7DF-34945B575DEF}"
EndProject
Global
	GlobalSection(SolutionConfigurationPlatforms) = preSolution
		Debug|x64 = Debug|x64
		Debug|x86 = Debug|x86
		Release|x64 = Release|x64
		Release|x86 = Release|x86
	EndGlobalSection
	GlobalSection(ProjectConfigurationPlatforms) = postSolution
		{B5B54474-49D5-4374-814F-6FCE0C39B7DB}.Debug|x64.ActiveCfg = Debug|x64
		{B5B54474-49D5-4374-814F-6FCE0C39B7DB}.Debug|x64.Build.0 = Debug|x64
		{B5B54474-49D5-4374-814F-6FCE0C39B7DB}.Debug|x86.ActiveCfg = Debug|Win32
		{B5B54474-49D5-4374-814F-6FCE0C39B7DB}.Debug|x86.Build.0 = Debug|Win32
		{B5B54474-49D5-4374-814F-6FCE0C39B7DB}.Release|x64.ActiveCfg = Release|x64
		{B5B54474-49D5-4374-814F-6FCE0C39B7DB}.Release|x64.Build.0 = Release|x64
		{B5B54474-49D5-4374-814F-6FCE0C39B7DB}.Release|x86.ActiveCfg = Release|Win32
		{B5B54474-49D5-4374-814F-6FCE0C39B7DB}.Release|x86.Build.0 = Release|Win32
		{7F29FFF3-546D-4546-826D-053F42E5D579}.Debug|x64.ActiveCfg = Debug|x64
		{7F29FFF3-546D-4546-826D-053F42E5D579}.Debug|x64.Build.0 = Debug|x64
		{7F29FFF3-546D-4546-826D-053F42E5D579}.Debug|x86.ActiveCfg = Debug|Win32
		{7F29FFF3-546D-4546-826D-053F42E5D579}.Debug|x86.Build.0 = Debug|Win32
		{7F29FFF3-546D-4546-826D-053F42E5D579}.Release|x64.ActiveCfg = Release|x64
		{7F29FFF3-546D-4546-826D-053F42E5D579}.Release|x64.Build.0 = Release|x64
		{7F29FFF3-546D-4546-826D-053F42E5D579}.Release|x86.ActiveCfg = Release|Win32
		{7F29FFF3-546D-4546-826D-053F42E5D579}.Release|x86.Build.0 = Release|Win32
		{EEFB1442-BC98-4314-9AD7-E98F445DD3D0}.Debug|x64.ActiveCfg = Debug|x64
		{EEFB1442-BC98-4314-9AD7-E98F445DD3D0}.Debug|x64.Build.0 = Debug|x64
		{EEFB1442-BC98-4314-9AD7-E98F445DD3D0}.Debug|x86.ActiveCfg = Debug|Win32
		{EEFB1442-BC98-4314-9AD7-E98F445DD3D0}.Debug|x86.Build.0 = Debug|Win32
		{EEFB1442-BC98-4314-9AD7-E98F445DD3D0}.Release|x64.ActiveCfg = Release|x64
		{EEFB1442-BC98-4314-9AD7-E98F445DD3D0}.Release|x64.Build.0 = Release|x64
		{EEFB1442-BC98-4314-9AD7-E98F445DD3D0}.Release|x86.ActiveCfg = Release|Win32
		{EEFB1442-BC98-4314-9AD7-E98F445DD3D0}.Release|x86.Build.0 = Release|Win32
		{67B8A77E-CF2C-499D-893F-93A61464FE9F}.Debug|x64.ActiveCfg = Debug|x64
		{67B8A77E-CF2C-499D-893F-93A61464FE9F}.Debug|x64.Build.0 = Debug|x64
		{67B8A77E-CF2C-499D-893F-93A61464FE9F}.Debug|x86.ActiveCfg = Debug|Win32
		{67B8A77E-CF2C-499D-893F-93A61464FE9F}.Debug|x86.Build.0 = Debug|Win32
		{67B8A77E-CF2C-499D-893F-93A61464FE9F}.Release|x64.ActiveCfg = Release|x64
		{67B8A77E-CF2C-499D-893F-93A61464FE9F}.Release|x64.Build.0 = Release|x64
		{67B8A77E-CF2C-499D-893F-93A61464FE9F}.Release|x86.ActiveCfg = Release|Win32
		{67B8A77E-CF2C-499D-893F-93A61464FE9F}.Release|x86.Build.0 = Release|Win32
		{3455B703-A5D6-4E78-B812-143B2B72E99D}.Debug|x64.ActiveCfg = Debug|x64
		{3455B703-A5D6-4E78-B812-143B2B72E99D}.Debug|x64.Build.0 = Debug|x64
		{3455B703-A5D6-4E78-B812-143B2B72E99D}.Debug|x86.ActiveCfg = Debug|Win32
		{3455B703-A5D6-4E78-B812-143B2B72E99D}.Debug|x86.Build.0 = Debug|Win32
		{3455B703-A5D6-4E78-B812-143B2B72E99D}.Release|x64.ActiveCfg = Release|x64
		{3455B703-A5D6-4E78-B812-143B2B72E99D}.Release|x64.Build.0 = Release|x64
		{3455B703-A5D6-4E78-B812-143B2B72E99D}.Release|x86.ActiveCfg = Release|Win32
		{3455B703-A5D6-4E78-B812-143B2B72E99D}.Release|x86.Build.0 = Release|Win32
		{F3747C6B-9B16-421B-80CC-36FA2F70094F}.Debug|x64.ActiveCfg = Debug|x64
		{F3747C6B-9B16-421B-80CC-36FA2F70094F}.Debug|x64.Build.0 = Debug|x64
		{F3747C6B-9B16-421B-80CC-36FA2F70094F}.Debug|x86.ActiveCfg = Debug|Win32
		{F3747C6B-9B16-421B-80CC-36FA2F70094F}.Debug|x86.Build.0 = Debug|Win32
		{F3747C6B-9B16-421B-80CC-36FA2F70094F}.Release|x64.ActiveCfg = Release|x64
		{F3747C6B-9B16-421B-80CC-36FA2F70094F}.Release|x64.Build.0 = Release|x64
		{F3747C6B-9B16-421B-80CC-36FA2F70094F}.Release|x86.ActiveCfg = Release|Win32
		{F3747C6B-9B16-421B-80CC-36FA2F70094F}.Release|x86.Build.0 = Release|Win32
		{4D645C0E-1CAD-4E26-A747-5098E622A863}.Debug|x64.ActiveCfg = Debug|x64
		{4D645C0E-1CAD-4E26-A747-5098E622A863}.Debug|x64.Build.0 = Debug|x64
		{4D645C0E-1CAD-4E26-A747-5098E622A863}.Debug|x86.ActiveCfg = Debug|Win32
		{4D645C0E-1CAD-4E26-A747-5098E622A863}.Debug|x86.Build.0 = Debug|Win32
		{4D645C0E-1CAD-4E26-A747-5098E622A863}.Release|x64.ActiveCfg = Release|x64
		{4D645C0E-1CAD-4E26-A747-5098E622A863}.Release|x64.Build.0 = Release|x64
		{4D645C0E-1CAD-4E26-A747-5098E622A863}.Release|x86.ActiveCfg = Release|Win32
		{4D645C0E-1CAD-4E26-A747-5098E622A863}.Release|x86.Build.0 = Release|Win32
		{2147E26B-7E3E-44BB-BBE3-C78F165F6C38}.Debug|x64.ActiveCfg = Debug|x64
		{2147E26B-7E3E-44BB-BBE3-C78F165F6C38}.Debug|x64.Build.0 = Debug|x64
		{2147E26B-7E3E-44BB-BBE3-C78F165F6C38}.Debug|x86.ActiveCfg = Debug|Win32
		{2147E26B-7E3E-44BB-BBE3-C78F165F6C38}.Debug|x86.Build.0 = Debug|Win32
		{2147E26B-7E3E-44BB-BBE3-C78F165F6C38}.Release|x64.ActiveCfg = Release|x64
		{2147E26B-7E3E-44BB-BBE3-C78F165F6C38}.Release|x64.Build.0 = Release|x64
		{2147E26B-7E3E-44BB-BBE3-C78F165F6C38}.Release|x86.ActiveCfg = Release|Win32
		{2147E26B-7E3E-44BB-BBE3-C78F165F6C38}.Release|x86.Build.0 = Release|Win32
		{20004D10-11EC-4AB9-B692-706EC1231B06}.Debug|x64.ActiveCfg = Debug|x64
		{20004D10-11EC-4AB9-B692-706EC1231B06}.Debug|x64.Build.0 = Debug|x64
		{20004D10-11EC-4AB9-B692-706EC1231B06}.Debug|x86.ActiveCfg = Debug|Win32
		{20004D10-11EC-4AB9-B692-706EC1231B06}.Debug|x86.Build.0 = Debug|Win32
		{20004D10-11EC-4AB9-B692-706EC1231B06}.Release|x64.ActiveCfg = Release|x64
		{20004D10-11EC-4AB9-B692-706EC1231B06}.Release|x64.Build.0 = Release|x64
		{20004D10-11EC-4AB9-B692-706EC1231B06}.Release|x86.ActiveCfg = Release|Win32
		{20004D10-11EC-4AB9-B692-706EC1231B06}.Release|x86.Build.0 = Release|Win32
		{11AFBFAA-8C1F-402E-AFA9-026666F6F131}.Debug|x64.ActiveCfg = Debug|x64
		{11AFBFAA-8C1F-402E-AFA9-026666F6F131}.Debug|x64.Build.0 = Debug|x64
		{11AFBFAA-8C1F-402E-AFA9-026666F6F131}.Debug|x86.ActiveCfg = Debug|Win32
		{11AFBFAA-8C1F-402E-AFA9-026666F6F131}.Debug|x86.Build.0 = Debug|Win32
		{11AFBFAA-8C1F-402E-AFA9-026666F6F131}.Release|x64.ActiveCfg = Release|x64
		{11AFBFAA-8C1F-402E-AFA9-026666F6F131}.Release|x64.Build.0 = Release|x64
		{11AFBFAA-8C1F-402E-AFA9-026666F6F131}.Release|x86.ActiveCfg = Release|Win32
		{11AFBFAA-8C1F-402E-AFA9-026666F6F131}.Release|x86.Build.0 = Release|Win32
		{4E5D6B7E-F22B-49FC-B2F8-B10FB3968E68}.Debug|x64.ActiveCfg = Debug|x64
		{4E5D6B7E-F22B-49FC-B2F8-B10FB3968E68}.Debug|x64.Build.0 = Debug|x64
		{4E5D6B7E-F22B-49FC-B2F8-B10FB3968E68}.Debug|x86.ActiveCfg = Debug|Win32
		{4E5D6B7E-F22B-49FC-B2F8-B10FB3968E68}.Debug|x86.Build.0 = Debug|Win32
		{4E5D6B7E-F22B-49FC-B2F8-B10FB3968E68}.Release|x64.ActiveCfg = Release|x64
		{4E5D6B7E-F22B-49FC-B2F8-B10FB3968E68}.Release|x64.Build.0 = Release|x64
		{4E5D6B7E-F22B-49FC-B2F8-B10FB3968E68}.Release|x86.ActiveCfg = Release|Win32
		{4E5D6B7E-F22B-49FC-B2F8-B10FB3968E68}.Release|x86.Build.0 = Release|Win32
		{3B713909-18D0-4DBD-B7DF-34945B575DEF}.Debug|x64.ActiveCfg = Debug|x64
		{3B713909-18D0-4DBD-B7DF-34945B575DEF}.Debug|x64.Build.0 = Debug|x64
		{3B713909-18D0-4DBD-B7DF-34945B575DEF}.Debug|x86.ActiveCfg = Debug|Win32
		{3B713909-18D0-4DBD-B7DF-34945B575DEF}.Debug|x86.Build.0 = Debug|Win32
		{3B713909-18D0-4DBD-B7DF-34945B575DEF}.Release|x64.ActiveCfg = Release|x64
		{3B713909-18D0-4DBD-B7DF-34945B575DEF}.Release|x64.Build.0 = Release|x64
		{3B713909-18D0-4DBD-B7DF-34945B575DEF}.Release|x86.ActiveCfg = Release|Win32
		{3B713909-18D0-4DBD-B7DF-34945B575DEF}.Release|x86.Build.0 = Release|Win32
	EndGlobalSection
	GlobalSection(SolutionProperties) = preSolution
		HideSolutionNode = FALSE
	EndGlobalSection
	GlobalSection(ExtensibilityGlobals) = postSolution
		SolutionGuid = {66B158CC-220F-4B85-99E3-FE341961B47C}
	EndGlobalSection
EndGlobal
