
Microsoft Visual Studio Solution File, Format Version 12.00
# Visual Studio Version 16
VisualStudioVersion = 16.0.31205.134
MinimumVisualStudioVersion = 10.0.40219.1
Project("{8BC9CEB8-8B4A-11D0-8D11-00A0C91BC942}") = "ConsoleApps", "ConsoleApps\ConsoleApps.vcxproj", "{B5B54474-49D5-4374-814F-6FCE0C39B7DB}"
EndProject
Project("{8BC9CEB8-8B4A-11D0-8D11-00A0C91BC942}") = "RPG", "RPG\RPG.vcxproj", "{7F29FFF3-546D-4546-826D-053F42E5D579}"
EndProject
Project("{8BC9CEB8-8B4A-11D0-8D11-00A0C91BC942}") = "VariablesAndConstants", "VariablesAndConstants\VariablesAndConstants.vcxproj", "{EEFB1442-BC98-4314-9AD7-E98F445DD3D0}"
EndProject
Project("{8BC9CEB8-8B4A-11D0-8D11-00A0C91BC942}") = "RPGinstructions", "RPGinstructions\RPGinstructions.vcxproj", "{67B8A77E-CF2C-499D-893F-93A61464FE9F}"
EndProject
Project("{8BC9CEB8-8B4A-11D0-8D11-00A0C91BC942}") = "OneVariable1-10", "OneVariable1-10\OneVariable1-10.vcxproj", "{3455B703-A5D6-4E78-B812-143B2B72E99D}"
EndProject
Project("{8BC9CEB8-8B4A-11D0-8D11-00A0C91BC942}") = "aLittleDivision", "aLittleDivision\aLittleDivision.vcxproj", "{F3747C6B-9B16-421B-80CC-36FA2F70094F}"
EndProject
Project("{8BC9CEB8-8B4A-11D0-8D11-00A0C91BC942}") = "RandomNumbers", "RandomNumbers\RandomNumbers.vcxproj", "{4D645C0E-1CAD-4E26-A747-5098E622A863}"
EndProject
Project("{8BC9CEB8-8B4A-11D0-8D11-00A0C91BC942}") = "Test", "Test\Test.vcxproj", "{2147E26B-7E3E-44BB-BBE3-C78F165F6C38}"
EndProject
Project("{8BC9CEB8-8B4A-11D0-8D11-00A0C91BC942}") = "MoreRandom", "MoreRandom\MoreRandom.vcxproj", "{20004D10-11EC-4AB9-B692-706EC1231B06}"
EndProject
Project("{8BC9CEB8-8B4A-11D0-8D11-00A0C91BC942}") = "BusCharter", "BusCharter\BusCharter.vcxproj", "{11AFBFAA-8C1F-402E-AFA9-026666F6F131}"
EndProject
Project("{8BC9CEB8-8B4A-11D0-8D11-00A0C91BC942}") = "Averages", "Averages\Averages.vcxproj", "{4E5D6B7E-F22B-49FC-B2F8-B10FB3968E68}"
EndProject
Project("{8BC9CEB8-8B4A-11D0-8D11-00A0C91BC942}") = "Science Quiz Using If", "Science Quiz Using If\Science Quiz Using If.vcxproj", "{3B713909-18D0-4DBD-B7DF-34945B575DEF}"
EndProject
Project("{8BC9CEB8-8B4A-11D0-8D11-00A0C91BC942}") = "Computer Programming Quiz Using Switch", "Computer Programming Quiz Using Switch\Computer Programming Quiz Using Switch.vcxproj", "{B71B5045-FACA-48FE-8499-F27B53E2FE9C}"
EndProject
Project("{8BC9CEB8-8B4A-11D0-8D11-00A0C91BC942}") = "choose your own adventure (if and switch)", "choose your own adventure (if and switch)\choose your own adventure (if and switch).vcxproj", "{CD49F186-85E3-4502-823A-091BC2808AA2}"
EndProject
Project("{8BC9CEB8-8B4A-11D0-8D11-00A0C91BC942}") = "Non-looping Maze", "Non-looping Maze\Non-looping Maze.vcxproj", "{EF4B7E63-E47D-48AE-B3F2-C4B2B9496F35}"
EndProject
Project("{8BC9CEB8-8B4A-11D0-8D11-00A0C91BC942}") = "looping quiz", "looping quiz\looping quiz.vcxproj", "{8D3D64F5-FBEC-4C5E-820E-25ED514B82C0}"
EndProject
Project("{8BC9CEB8-8B4A-11D0-8D11-00A0C91BC942}") = "count characters (string)", "count characters (string)\count characters (string).vcxproj", "{A1D33F8A-55AC-4985-8B82-EBD52FD325CC}"
EndProject
Project("{8BC9CEB8-8B4A-11D0-8D11-00A0C91BC942}") = "looping maze", "looping maze\looping maze.vcxproj", "{0F038C09-2E4D-4F50-AECE-40E30FC2C4CD}"
EndProject
Project("{8BC9CEB8-8B4A-11D0-8D11-00A0C91BC942}") = "choose adventure v2", "choose adventure v2\choose adventure v2.vcxproj", "{FD35DE04-AB70-4EE3-BC63-C8F43529563A}"
EndProject
Project("{8BC9CEB8-8B4A-11D0-8D11-00A0C91BC942}") = "RPGmainmenu", "RPGmainmenu\RPGmainmenu.vcxproj", "{2262FA64-216B-4C6C-9530-080CE4089890}"
EndProject
Project("{8BC9CEB8-8B4A-11D0-8D11-00A0C91BC942}") = "fraction reducer", "fraction reducer\fraction reducer.vcxproj", "{76211ADB-4139-4B65-BC23-A1008BC50AF3}"
EndProject
Project("{8BC9CEB8-8B4A-11D0-8D11-00A0C91BC942}") = "fortune cookie", "fortune cookie\fortune cookie.vcxproj", "{CC6EF660-345C-4936-8472-F062C8766677}"
EndProject
Project("{8BC9CEB8-8B4A-11D0-8D11-00A0C91BC942}") = "function maze", "function maze\function maze.vcxproj", "{236B1D75-2E41-4F18-ABE4-38E4E2D1E6E8}"
EndProject
Project("{8BC9CEB8-8B4A-11D0-8D11-00A0C91BC942}") = "word reverser", "word reverser\word reverser.vcxproj", "{2EADFF1A-72A0-4422-A645-F97AB32CC7F1}"
EndProject
Project("{8BC9CEB8-8B4A-11D0-8D11-00A0C91BC942}") = "Function Maze v2", "Function Maze v2\Function Maze v2.vcxproj", "{35F9E144-67E5-4C04-8A99-DF384554BB42}"
EndProject
Project("{8BC9CEB8-8B4A-11D0-8D11-00A0C91BC942}") = "concessions", "concessions\concessions.vcxproj", "{569AA7B1-B6CA-4616-B1D0-A5155777BFFB}"
EndProject
Project("{8BC9CEB8-8B4A-11D0-8D11-00A0C91BC942}") = "personaldata", "personaldata\personaldata.vcxproj", "{C823BFA3-760C-41E8-A3FE-6598A6041F49}"
EndProject
Project("{8BC9CEB8-8B4A-11D0-8D11-00A0C91BC942}") = "pointdistance", "pointdistance\pointdistance.vcxproj", "{BBF591B9-0C83-435C-87D1-8BD4F3B2D035}"
EndProject
Project("{8BC9CEB8-8B4A-11D0-8D11-00A0C91BC942}") = "lineslope", "lineslope\lineslope.vcxproj", "{2EFF1677-BE0C-48A7-98A4-C7AD610E5CD1}"
EndProject
Project("{8BC9CEB8-8B4A-11D0-8D11-00A0C91BC942}") = "valuesbyscalar", "valuesbyscalar\valuesbyscalar.vcxproj", "{6A469B11-2228-4EDD-966C-E3B9BDEE1594}"
EndProject
Project("{8BC9CEB8-8B4A-11D0-8D11-00A0C91BC942}") = "morefortunes", "morefortunes\morefortunes.vcxproj", "{81B1AD33-DA2A-4B91-A252-D65BC1516F80}"
EndProject
Project("{8BC9CEB8-8B4A-11D0-8D11-00A0C91BC942}") = "multiplyflashcards", "multiplyflashcards\multiplyflashcards.vcxproj", "{DEC1EFF2-D56A-437F-BFBF-3F1C117E7C24}"
EndProject
Project("{8BC9CEB8-8B4A-11D0-8D11-00A0C91BC942}") = "sinecosinetables", "sinecosinetables\sinecosinetables.vcxproj", "{49B14D4D-C43C-4750-9B01-3ABE9CA9BB84}"
EndProject
Project("{8BC9CEB8-8B4A-11D0-8D11-00A0C91BC942}") = "snippets", "snippets\snippets.vcxproj", "{DBEF2A10-FCD5-4272-A8A1-B3084B22031C}"
EndProject
Project("{8BC9CEB8-8B4A-11D0-8D11-00A0C91BC942}") = "cardshuffler", "cardshuffler\cardshuffler.vcxproj", "{CAB2C5AB-7B66-450E-A3AE-A371B9B66FB2}"
EndProject
Project("{8BC9CEB8-8B4A-11D0-8D11-00A0C91BC942}") = "charactersfile", "charactersfile\charactersfile.vcxproj", "{87C3DBA3-19D5-4EFF-8B84-FF22A47308DC}"
EndProject
Global
	GlobalSection(SolutionConfigurationPlatforms) = preSolution
		Debug|x64 = Debug|x64
		Debug|x86 = Debug|x86
		Release|x64 = Release|x64
		Release|x86 = Release|x86
	EndGlobalSection
	GlobalSection(ProjectConfigurationPlatforms) = postSolution
		{B5B54474-49D5-4374-814F-6FCE0C39B7DB}.Debug|x64.ActiveCfg = Debug|x64
		{B5B54474-49D5-4374-814F-6FCE0C39B7DB}.Debug|x64.Build.0 = Debug|x64
		{B5B54474-49D5-4374-814F-6FCE0C39B7DB}.Debug|x86.ActiveCfg = Debug|Win32
		{B5B54474-49D5-4374-814F-6FCE0C39B7DB}.Debug|x86.Build.0 = Debug|Win32
		{B5B54474-49D5-4374-814F-6FCE0C39B7DB}.Release|x64.ActiveCfg = Release|x64
		{B5B54474-49D5-4374-814F-6FCE0C39B7DB}.Release|x64.Build.0 = Release|x64
		{B5B54474-49D5-4374-814F-6FCE0C39B7DB}.Release|x86.ActiveCfg = Release|Win32
		{B5B54474-49D5-4374-814F-6FCE0C39B7DB}.Release|x86.Build.0 = Release|Win32
		{7F29FFF3-546D-4546-826D-053F42E5D579}.Debug|x64.ActiveCfg = Debug|x64
		{7F29FFF3-546D-4546-826D-053F42E5D579}.Debug|x64.Build.0 = Debug|x64
		{7F29FFF3-546D-4546-826D-053F42E5D579}.Debug|x86.ActiveCfg = Debug|Win32
		{7F29FFF3-546D-4546-826D-053F42E5D579}.Debug|x86.Build.0 = Debug|Win32
		{7F29FFF3-546D-4546-826D-053F42E5D579}.Release|x64.ActiveCfg = Release|x64
		{7F29FFF3-546D-4546-826D-053F42E5D579}.Release|x64.Build.0 = Release|x64
		{7F29FFF3-546D-4546-826D-053F42E5D579}.Release|x86.ActiveCfg = Release|Win32
		{7F29FFF3-546D-4546-826D-053F42E5D579}.Release|x86.Build.0 = Release|Win32
		{EEFB1442-BC98-4314-9AD7-E98F445DD3D0}.Debug|x64.ActiveCfg = Debug|x64
		{EEFB1442-BC98-4314-9AD7-E98F445DD3D0}.Debug|x64.Build.0 = Debug|x64
		{EEFB1442-BC98-4314-9AD7-E98F445DD3D0}.Debug|x86.ActiveCfg = Debug|Win32
		{EEFB1442-BC98-4314-9AD7-E98F445DD3D0}.Debug|x86.Build.0 = Debug|Win32
		{EEFB1442-BC98-4314-9AD7-E98F445DD3D0}.Release|x64.ActiveCfg = Release|x64
		{EEFB1442-BC98-4314-9AD7-E98F445DD3D0}.Release|x64.Build.0 = Release|x64
		{EEFB1442-BC98-4314-9AD7-E98F445DD3D0}.Release|x86.ActiveCfg = Release|Win32
		{EEFB1442-BC98-4314-9AD7-E98F445DD3D0}.Release|x86.Build.0 = Release|Win32
		{67B8A77E-CF2C-499D-893F-93A61464FE9F}.Debug|x64.ActiveCfg = Debug|x64
		{67B8A77E-CF2C-499D-893F-93A61464FE9F}.Debug|x64.Build.0 = Debug|x64
		{67B8A77E-CF2C-499D-893F-93A61464FE9F}.Debug|x86.ActiveCfg = Debug|Win32
		{67B8A77E-CF2C-499D-893F-93A61464FE9F}.Debug|x86.Build.0 = Debug|Win32
		{67B8A77E-CF2C-499D-893F-93A61464FE9F}.Release|x64.ActiveCfg = Release|x64
		{67B8A77E-CF2C-499D-893F-93A61464FE9F}.Release|x64.Build.0 = Release|x64
		{67B8A77E-CF2C-499D-893F-93A61464FE9F}.Release|x86.ActiveCfg = Release|Win32
		{67B8A77E-CF2C-499D-893F-93A61464FE9F}.Release|x86.Build.0 = Release|Win32
		{3455B703-A5D6-4E78-B812-143B2B72E99D}.Debug|x64.ActiveCfg = Debug|x64
		{3455B703-A5D6-4E78-B812-143B2B72E99D}.Debug|x64.Build.0 = Debug|x64
		{3455B703-A5D6-4E78-B812-143B2B72E99D}.Debug|x86.ActiveCfg = Debug|Win32
		{3455B703-A5D6-4E78-B812-143B2B72E99D}.Debug|x86.Build.0 = Debug|Win32
		{3455B703-A5D6-4E78-B812-143B2B72E99D}.Release|x64.ActiveCfg = Release|x64
		{3455B703-A5D6-4E78-B812-143B2B72E99D}.Release|x64.Build.0 = Release|x64
		{3455B703-A5D6-4E78-B812-143B2B72E99D}.Release|x86.ActiveCfg = Release|Win32
		{3455B703-A5D6-4E78-B812-143B2B72E99D}.Release|x86.Build.0 = Release|Win32
		{F3747C6B-9B16-421B-80CC-36FA2F70094F}.Debug|x64.ActiveCfg = Debug|x64
		{F3747C6B-9B16-421B-80CC-36FA2F70094F}.Debug|x64.Build.0 = Debug|x64
		{F3747C6B-9B16-421B-80CC-36FA2F70094F}.Debug|x86.ActiveCfg = Debug|Win32
		{F3747C6B-9B16-421B-80CC-36FA2F70094F}.Debug|x86.Build.0 = Debug|Win32
		{F3747C6B-9B16-421B-80CC-36FA2F70094F}.Release|x64.ActiveCfg = Release|x64
		{F3747C6B-9B16-421B-80CC-36FA2F70094F}.Release|x64.Build.0 = Release|x64
		{F3747C6B-9B16-421B-80CC-36FA2F70094F}.Release|x86.ActiveCfg = Release|Win32
		{F3747C6B-9B16-421B-80CC-36FA2F70094F}.Release|x86.Build.0 = Release|Win32
		{4D645C0E-1CAD-4E26-A747-5098E622A863}.Debug|x64.ActiveCfg = Debug|x64
		{4D645C0E-1CAD-4E26-A747-5098E622A863}.Debug|x64.Build.0 = Debug|x64
		{4D645C0E-1CAD-4E26-A747-5098E622A863}.Debug|x86.ActiveCfg = Debug|Win32
		{4D645C0E-1CAD-4E26-A747-5098E622A863}.Debug|x86.Build.0 = Debug|Win32
		{4D645C0E-1CAD-4E26-A747-5098E622A863}.Release|x64.ActiveCfg = Release|x64
		{4D645C0E-1CAD-4E26-A747-5098E622A863}.Release|x64.Build.0 = Release|x64
		{4D645C0E-1CAD-4E26-A747-5098E622A863}.Release|x86.ActiveCfg = Release|Win32
		{4D645C0E-1CAD-4E26-A747-5098E622A863}.Release|x86.Build.0 = Release|Win32
		{2147E26B-7E3E-44BB-BBE3-C78F165F6C38}.Debug|x64.ActiveCfg = Debug|x64
		{2147E26B-7E3E-44BB-BBE3-C78F165F6C38}.Debug|x64.Build.0 = Debug|x64
		{2147E26B-7E3E-44BB-BBE3-C78F165F6C38}.Debug|x86.ActiveCfg = Debug|Win32
		{2147E26B-7E3E-44BB-BBE3-C78F165F6C38}.Debug|x86.Build.0 = Debug|Win32
		{2147E26B-7E3E-44BB-BBE3-C78F165F6C38}.Release|x64.ActiveCfg = Release|x64
		{2147E26B-7E3E-44BB-BBE3-C78F165F6C38}.Release|x64.Build.0 = Release|x64
		{2147E26B-7E3E-44BB-BBE3-C78F165F6C38}.Release|x86.ActiveCfg = Release|Win32
		{2147E26B-7E3E-44BB-BBE3-C78F165F6C38}.Release|x86.Build.0 = Release|Win32
		{20004D10-11EC-4AB9-B692-706EC1231B06}.Debug|x64.ActiveCfg = Debug|x64
		{20004D10-11EC-4AB9-B692-706EC1231B06}.Debug|x64.Build.0 = Debug|x64
		{20004D10-11EC-4AB9-B692-706EC1231B06}.Debug|x86.ActiveCfg = Debug|Win32
		{20004D10-11EC-4AB9-B692-706EC1231B06}.Debug|x86.Build.0 = Debug|Win32
		{20004D10-11EC-4AB9-B692-706EC1231B06}.Release|x64.ActiveCfg = Release|x64
		{20004D10-11EC-4AB9-B692-706EC1231B06}.Release|x64.Build.0 = Release|x64
		{20004D10-11EC-4AB9-B692-706EC1231B06}.Release|x86.ActiveCfg = Release|Win32
		{20004D10-11EC-4AB9-B692-706EC1231B06}.Release|x86.Build.0 = Release|Win32
		{11AFBFAA-8C1F-402E-AFA9-026666F6F131}.Debug|x64.ActiveCfg = Debug|x64
		{11AFBFAA-8C1F-402E-AFA9-026666F6F131}.Debug|x64.Build.0 = Debug|x64
		{11AFBFAA-8C1F-402E-AFA9-026666F6F131}.Debug|x86.ActiveCfg = Debug|Win32
		{11AFBFAA-8C1F-402E-AFA9-026666F6F131}.Debug|x86.Build.0 = Debug|Win32
		{11AFBFAA-8C1F-402E-AFA9-026666F6F131}.Release|x64.ActiveCfg = Release|x64
		{11AFBFAA-8C1F-402E-AFA9-026666F6F131}.Release|x64.Build.0 = Release|x64
		{11AFBFAA-8C1F-402E-AFA9-026666F6F131}.Release|x86.ActiveCfg = Release|Win32
		{11AFBFAA-8C1F-402E-AFA9-026666F6F131}.Release|x86.Build.0 = Release|Win32
		{4E5D6B7E-F22B-49FC-B2F8-B10FB3968E68}.Debug|x64.ActiveCfg = Debug|x64
		{4E5D6B7E-F22B-49FC-B2F8-B10FB3968E68}.Debug|x64.Build.0 = Debug|x64
		{4E5D6B7E-F22B-49FC-B2F8-B10FB3968E68}.Debug|x86.ActiveCfg = Debug|Win32
		{4E5D6B7E-F22B-49FC-B2F8-B10FB3968E68}.Debug|x86.Build.0 = Debug|Win32
		{4E5D6B7E-F22B-49FC-B2F8-B10FB3968E68}.Release|x64.ActiveCfg = Release|x64
		{4E5D6B7E-F22B-49FC-B2F8-B10FB3968E68}.Release|x64.Build.0 = Release|x64
		{4E5D6B7E-F22B-49FC-B2F8-B10FB3968E68}.Release|x86.ActiveCfg = Release|Win32
		{4E5D6B7E-F22B-49FC-B2F8-B10FB3968E68}.Release|x86.Build.0 = Release|Win32
		{3B713909-18D0-4DBD-B7DF-34945B575DEF}.Debug|x64.ActiveCfg = Debug|x64
		{3B713909-18D0-4DBD-B7DF-34945B575DEF}.Debug|x64.Build.0 = Debug|x64
		{3B713909-18D0-4DBD-B7DF-34945B575DEF}.Debug|x86.ActiveCfg = Debug|Win32
		{3B713909-18D0-4DBD-B7DF-34945B575DEF}.Debug|x86.Build.0 = Debug|Win32
		{3B713909-18D0-4DBD-B7DF-34945B575DEF}.Release|x64.ActiveCfg = Release|x64
		{3B713909-18D0-4DBD-B7DF-34945B575DEF}.Release|x64.Build.0 = Release|x64
		{3B713909-18D0-4DBD-B7DF-34945B575DEF}.Release|x86.ActiveCfg = Release|Win32
		{3B713909-18D0-4DBD-B7DF-34945B575DEF}.Release|x86.Build.0 = Release|Win32
		{B71B5045-FACA-48FE-8499-F27B53E2FE9C}.Debug|x64.ActiveCfg = Debug|x64
		{B71B5045-FACA-48FE-8499-F27B53E2FE9C}.Debug|x64.Build.0 = Debug|x64
		{B71B5045-FACA-48FE-8499-F27B53E2FE9C}.Debug|x86.ActiveCfg = Debug|Win32
		{B71B5045-FACA-48FE-8499-F27B53E2FE9C}.Debug|x86.Build.0 = Debug|Win32
		{B71B5045-FACA-48FE-8499-F27B53E2FE9C}.Release|x64.ActiveCfg = Release|x64
		{B71B5045-FACA-48FE-8499-F27B53E2FE9C}.Release|x64.Build.0 = Release|x64
		{B71B5045-FACA-48FE-8499-F27B53E2FE9C}.Release|x86.ActiveCfg = Release|Win32
		{B71B5045-FACA-48FE-8499-F27B53E2FE9C}.Release|x86.Build.0 = Release|Win32
		{CD49F186-85E3-4502-823A-091BC2808AA2}.Debug|x64.ActiveCfg = Debug|x64
		{CD49F186-85E3-4502-823A-091BC2808AA2}.Debug|x64.Build.0 = Debug|x64
		{CD49F186-85E3-4502-823A-091BC2808AA2}.Debug|x86.ActiveCfg = Debug|Win32
		{CD49F186-85E3-4502-823A-091BC2808AA2}.Debug|x86.Build.0 = Debug|Win32
		{CD49F186-85E3-4502-823A-091BC2808AA2}.Release|x64.ActiveCfg = Release|x64
		{CD49F186-85E3-4502-823A-091BC2808AA2}.Release|x64.Build.0 = Release|x64
		{CD49F186-85E3-4502-823A-091BC2808AA2}.Release|x86.ActiveCfg = Release|Win32
		{CD49F186-85E3-4502-823A-091BC2808AA2}.Release|x86.Build.0 = Release|Win32
		{EF4B7E63-E47D-48AE-B3F2-C4B2B9496F35}.Debug|x64.ActiveCfg = Debug|x64
		{EF4B7E63-E47D-48AE-B3F2-C4B2B9496F35}.Debug|x64.Build.0 = Debug|x64
		{EF4B7E63-E47D-48AE-B3F2-C4B2B9496F35}.Debug|x86.ActiveCfg = Debug|Win32
		{EF4B7E63-E47D-48AE-B3F2-C4B2B9496F35}.Debug|x86.Build.0 = Debug|Win32
		{EF4B7E63-E47D-48AE-B3F2-C4B2B9496F35}.Release|x64.ActiveCfg = Release|x64
		{EF4B7E63-E47D-48AE-B3F2-C4B2B9496F35}.Release|x64.Build.0 = Release|x64
		{EF4B7E63-E47D-48AE-B3F2-C4B2B9496F35}.Release|x86.ActiveCfg = Release|Win32
		{EF4B7E63-E47D-48AE-B3F2-C4B2B9496F35}.Release|x86.Build.0 = Release|Win32
		{8D3D64F5-FBEC-4C5E-820E-25ED514B82C0}.Debug|x64.ActiveCfg = Debug|x64
		{8D3D64F5-FBEC-4C5E-820E-25ED514B82C0}.Debug|x64.Build.0 = Debug|x64
		{8D3D64F5-FBEC-4C5E-820E-25ED514B82C0}.Debug|x86.ActiveCfg = Debug|Win32
		{8D3D64F5-FBEC-4C5E-820E-25ED514B82C0}.Debug|x86.Build.0 = Debug|Win32
		{8D3D64F5-FBEC-4C5E-820E-25ED514B82C0}.Release|x64.ActiveCfg = Release|x64
		{8D3D64F5-FBEC-4C5E-820E-25ED514B82C0}.Release|x64.Build.0 = Release|x64
		{8D3D64F5-FBEC-4C5E-820E-25ED514B82C0}.Release|x86.ActiveCfg = Release|Win32
		{8D3D64F5-FBEC-4C5E-820E-25ED514B82C0}.Release|x86.Build.0 = Release|Win32
		{A1D33F8A-55AC-4985-8B82-EBD52FD325CC}.Debug|x64.ActiveCfg = Debug|x64
		{A1D33F8A-55AC-4985-8B82-EBD52FD325CC}.Debug|x64.Build.0 = Debug|x64
		{A1D33F8A-55AC-4985-8B82-EBD52FD325CC}.Debug|x86.ActiveCfg = Debug|Win32
		{A1D33F8A-55AC-4985-8B82-EBD52FD325CC}.Debug|x86.Build.0 = Debug|Win32
		{A1D33F8A-55AC-4985-8B82-EBD52FD325CC}.Release|x64.ActiveCfg = Release|x64
		{A1D33F8A-55AC-4985-8B82-EBD52FD325CC}.Release|x64.Build.0 = Release|x64
		{A1D33F8A-55AC-4985-8B82-EBD52FD325CC}.Release|x86.ActiveCfg = Release|Win32
		{A1D33F8A-55AC-4985-8B82-EBD52FD325CC}.Release|x86.Build.0 = Release|Win32
		{0F038C09-2E4D-4F50-AECE-40E30FC2C4CD}.Debug|x64.ActiveCfg = Debug|x64
		{0F038C09-2E4D-4F50-AECE-40E30FC2C4CD}.Debug|x64.Build.0 = Debug|x64
		{0F038C09-2E4D-4F50-AECE-40E30FC2C4CD}.Debug|x86.ActiveCfg = Debug|Win32
		{0F038C09-2E4D-4F50-AECE-40E30FC2C4CD}.Debug|x86.Build.0 = Debug|Win32
		{0F038C09-2E4D-4F50-AECE-40E30FC2C4CD}.Release|x64.ActiveCfg = Release|x64
		{0F038C09-2E4D-4F50-AECE-40E30FC2C4CD}.Release|x64.Build.0 = Release|x64
		{0F038C09-2E4D-4F50-AECE-40E30FC2C4CD}.Release|x86.ActiveCfg = Release|Win32
		{0F038C09-2E4D-4F50-AECE-40E30FC2C4CD}.Release|x86.Build.0 = Release|Win32
		{FD35DE04-AB70-4EE3-BC63-C8F43529563A}.Debug|x64.ActiveCfg = Debug|x64
		{FD35DE04-AB70-4EE3-BC63-C8F43529563A}.Debug|x64.Build.0 = Debug|x64
		{FD35DE04-AB70-4EE3-BC63-C8F43529563A}.Debug|x86.ActiveCfg = Debug|Win32
		{FD35DE04-AB70-4EE3-BC63-C8F43529563A}.Debug|x86.Build.0 = Debug|Win32
		{FD35DE04-AB70-4EE3-BC63-C8F43529563A}.Release|x64.ActiveCfg = Release|x64
		{FD35DE04-AB70-4EE3-BC63-C8F43529563A}.Release|x64.Build.0 = Release|x64
		{FD35DE04-AB70-4EE3-BC63-C8F43529563A}.Release|x86.ActiveCfg = Release|Win32
		{FD35DE04-AB70-4EE3-BC63-C8F43529563A}.Release|x86.Build.0 = Release|Win32
		{2262FA64-216B-4C6C-9530-080CE4089890}.Debug|x64.ActiveCfg = Debug|x64
		{2262FA64-216B-4C6C-9530-080CE4089890}.Debug|x64.Build.0 = Debug|x64
		{2262FA64-216B-4C6C-9530-080CE4089890}.Debug|x86.ActiveCfg = Debug|Win32
		{2262FA64-216B-4C6C-9530-080CE4089890}.Debug|x86.Build.0 = Debug|Win32
		{2262FA64-216B-4C6C-9530-080CE4089890}.Release|x64.ActiveCfg = Release|x64
		{2262FA64-216B-4C6C-9530-080CE4089890}.Release|x64.Build.0 = Release|x64
		{2262FA64-216B-4C6C-9530-080CE4089890}.Release|x86.ActiveCfg = Release|Win32
		{2262FA64-216B-4C6C-9530-080CE4089890}.Release|x86.Build.0 = Release|Win32
		{76211ADB-4139-4B65-BC23-A1008BC50AF3}.Debug|x64.ActiveCfg = Debug|x64
		{76211ADB-4139-4B65-BC23-A1008BC50AF3}.Debug|x64.Build.0 = Debug|x64
		{76211ADB-4139-4B65-BC23-A1008BC50AF3}.Debug|x86.ActiveCfg = Debug|Win32
		{76211ADB-4139-4B65-BC23-A1008BC50AF3}.Debug|x86.Build.0 = Debug|Win32
		{76211ADB-4139-4B65-BC23-A1008BC50AF3}.Release|x64.ActiveCfg = Release|x64
		{76211ADB-4139-4B65-BC23-A1008BC50AF3}.Release|x64.Build.0 = Release|x64
		{76211ADB-4139-4B65-BC23-A1008BC50AF3}.Release|x86.ActiveCfg = Release|Win32
		{76211ADB-4139-4B65-BC23-A1008BC50AF3}.Release|x86.Build.0 = Release|Win32
		{CC6EF660-345C-4936-8472-F062C8766677}.Debug|x64.ActiveCfg = Debug|x64
		{CC6EF660-345C-4936-8472-F062C8766677}.Debug|x64.Build.0 = Debug|x64
		{CC6EF660-345C-4936-8472-F062C8766677}.Debug|x86.ActiveCfg = Debug|Win32
		{CC6EF660-345C-4936-8472-F062C8766677}.Debug|x86.Build.0 = Debug|Win32
		{CC6EF660-345C-4936-8472-F062C8766677}.Release|x64.ActiveCfg = Release|x64
		{CC6EF660-345C-4936-8472-F062C8766677}.Release|x64.Build.0 = Release|x64
		{CC6EF660-345C-4936-8472-F062C8766677}.Release|x86.ActiveCfg = Release|Win32
		{CC6EF660-345C-4936-8472-F062C8766677}.Release|x86.Build.0 = Release|Win32
		{236B1D75-2E41-4F18-ABE4-38E4E2D1E6E8}.Debug|x64.ActiveCfg = Debug|x64
		{236B1D75-2E41-4F18-ABE4-38E4E2D1E6E8}.Debug|x64.Build.0 = Debug|x64
		{236B1D75-2E41-4F18-ABE4-38E4E2D1E6E8}.Debug|x86.ActiveCfg = Debug|Win32
		{236B1D75-2E41-4F18-ABE4-38E4E2D1E6E8}.Debug|x86.Build.0 = Debug|Win32
		{236B1D75-2E41-4F18-ABE4-38E4E2D1E6E8}.Release|x64.ActiveCfg = Release|x64
		{236B1D75-2E41-4F18-ABE4-38E4E2D1E6E8}.Release|x64.Build.0 = Release|x64
		{236B1D75-2E41-4F18-ABE4-38E4E2D1E6E8}.Release|x86.ActiveCfg = Release|Win32
		{236B1D75-2E41-4F18-ABE4-38E4E2D1E6E8}.Release|x86.Build.0 = Release|Win32
		{2EADFF1A-72A0-4422-A645-F97AB32CC7F1}.Debug|x64.ActiveCfg = Debug|x64
		{2EADFF1A-72A0-4422-A645-F97AB32CC7F1}.Debug|x64.Build.0 = Debug|x64
		{2EADFF1A-72A0-4422-A645-F97AB32CC7F1}.Debug|x86.ActiveCfg = Debug|Win32
		{2EADFF1A-72A0-4422-A645-F97AB32CC7F1}.Debug|x86.Build.0 = Debug|Win32
		{2EADFF1A-72A0-4422-A645-F97AB32CC7F1}.Release|x64.ActiveCfg = Release|x64
		{2EADFF1A-72A0-4422-A645-F97AB32CC7F1}.Release|x64.Build.0 = Release|x64
		{2EADFF1A-72A0-4422-A645-F97AB32CC7F1}.Release|x86.ActiveCfg = Release|Win32
		{2EADFF1A-72A0-4422-A645-F97AB32CC7F1}.Release|x86.Build.0 = Release|Win32
		{35F9E144-67E5-4C04-8A99-DF384554BB42}.Debug|x64.ActiveCfg = Debug|x64
		{35F9E144-67E5-4C04-8A99-DF384554BB42}.Debug|x64.Build.0 = Debug|x64
		{35F9E144-67E5-4C04-8A99-DF384554BB42}.Debug|x86.ActiveCfg = Debug|Win32
		{35F9E144-67E5-4C04-8A99-DF384554BB42}.Debug|x86.Build.0 = Debug|Win32
		{35F9E144-67E5-4C04-8A99-DF384554BB42}.Release|x64.ActiveCfg = Release|x64
		{35F9E144-67E5-4C04-8A99-DF384554BB42}.Release|x64.Build.0 = Release|x64
		{35F9E144-67E5-4C04-8A99-DF384554BB42}.Release|x86.ActiveCfg = Release|Win32
		{35F9E144-67E5-4C04-8A99-DF384554BB42}.Release|x86.Build.0 = Release|Win32
		{569AA7B1-B6CA-4616-B1D0-A5155777BFFB}.Debug|x64.ActiveCfg = Debug|x64
		{569AA7B1-B6CA-4616-B1D0-A5155777BFFB}.Debug|x64.Build.0 = Debug|x64
		{569AA7B1-B6CA-4616-B1D0-A5155777BFFB}.Debug|x86.ActiveCfg = Debug|Win32
		{569AA7B1-B6CA-4616-B1D0-A5155777BFFB}.Debug|x86.Build.0 = Debug|Win32
		{569AA7B1-B6CA-4616-B1D0-A5155777BFFB}.Release|x64.ActiveCfg = Release|x64
		{569AA7B1-B6CA-4616-B1D0-A5155777BFFB}.Release|x64.Build.0 = Release|x64
		{569AA7B1-B6CA-4616-B1D0-A5155777BFFB}.Release|x86.ActiveCfg = Release|Win32
		{569AA7B1-B6CA-4616-B1D0-A5155777BFFB}.Release|x86.Build.0 = Release|Win32
		{C823BFA3-760C-41E8-A3FE-6598A6041F49}.Debug|x64.ActiveCfg = Debug|x64
		{C823BFA3-760C-41E8-A3FE-6598A6041F49}.Debug|x64.Build.0 = Debug|x64
		{C823BFA3-760C-41E8-A3FE-6598A6041F49}.Debug|x86.ActiveCfg = Debug|Win32
		{C823BFA3-760C-41E8-A3FE-6598A6041F49}.Debug|x86.Build.0 = Debug|Win32
		{C823BFA3-760C-41E8-A3FE-6598A6041F49}.Release|x64.ActiveCfg = Release|x64
		{C823BFA3-760C-41E8-A3FE-6598A6041F49}.Release|x64.Build.0 = Release|x64
		{C823BFA3-760C-41E8-A3FE-6598A6041F49}.Release|x86.ActiveCfg = Release|Win32
		{C823BFA3-760C-41E8-A3FE-6598A6041F49}.Release|x86.Build.0 = Release|Win32
		{BBF591B9-0C83-435C-87D1-8BD4F3B2D035}.Debug|x64.ActiveCfg = Debug|x64
		{BBF591B9-0C83-435C-87D1-8BD4F3B2D035}.Debug|x64.Build.0 = Debug|x64
		{BBF591B9-0C83-435C-87D1-8BD4F3B2D035}.Debug|x86.ActiveCfg = Debug|Win32
		{BBF591B9-0C83-435C-87D1-8BD4F3B2D035}.Debug|x86.Build.0 = Debug|Win32
		{BBF591B9-0C83-435C-87D1-8BD4F3B2D035}.Release|x64.ActiveCfg = Release|x64
		{BBF591B9-0C83-435C-87D1-8BD4F3B2D035}.Release|x64.Build.0 = Release|x64
		{BBF591B9-0C83-435C-87D1-8BD4F3B2D035}.Release|x86.ActiveCfg = Release|Win32
		{BBF591B9-0C83-435C-87D1-8BD4F3B2D035}.Release|x86.Build.0 = Release|Win32
		{2EFF1677-BE0C-48A7-98A4-C7AD610E5CD1}.Debug|x64.ActiveCfg = Debug|x64
		{2EFF1677-BE0C-48A7-98A4-C7AD610E5CD1}.Debug|x64.Build.0 = Debug|x64
		{2EFF1677-BE0C-48A7-98A4-C7AD610E5CD1}.Debug|x86.ActiveCfg = Debug|Win32
		{2EFF1677-BE0C-48A7-98A4-C7AD610E5CD1}.Debug|x86.Build.0 = Debug|Win32
		{2EFF1677-BE0C-48A7-98A4-C7AD610E5CD1}.Release|x64.ActiveCfg = Release|x64
		{2EFF1677-BE0C-48A7-98A4-C7AD610E5CD1}.Release|x64.Build.0 = Release|x64
		{2EFF1677-BE0C-48A7-98A4-C7AD610E5CD1}.Release|x86.ActiveCfg = Release|Win32
		{2EFF1677-BE0C-48A7-98A4-C7AD610E5CD1}.Release|x86.Build.0 = Release|Win32
		{6A469B11-2228-4EDD-966C-E3B9BDEE1594}.Debug|x64.ActiveCfg = Debug|x64
		{6A469B11-2228-4EDD-966C-E3B9BDEE1594}.Debug|x64.Build.0 = Debug|x64
		{6A469B11-2228-4EDD-966C-E3B9BDEE1594}.Debug|x86.ActiveCfg = Debug|Win32
		{6A469B11-2228-4EDD-966C-E3B9BDEE1594}.Debug|x86.Build.0 = Debug|Win32
		{6A469B11-2228-4EDD-966C-E3B9BDEE1594}.Release|x64.ActiveCfg = Release|x64
		{6A469B11-2228-4EDD-966C-E3B9BDEE1594}.Release|x64.Build.0 = Release|x64
		{6A469B11-2228-4EDD-966C-E3B9BDEE1594}.Release|x86.ActiveCfg = Release|Win32
		{6A469B11-2228-4EDD-966C-E3B9BDEE1594}.Release|x86.Build.0 = Release|Win32
		{81B1AD33-DA2A-4B91-A252-D65BC1516F80}.Debug|x64.ActiveCfg = Debug|x64
		{81B1AD33-DA2A-4B91-A252-D65BC1516F80}.Debug|x64.Build.0 = Debug|x64
		{81B1AD33-DA2A-4B91-A252-D65BC1516F80}.Debug|x86.ActiveCfg = Debug|Win32
		{81B1AD33-DA2A-4B91-A252-D65BC1516F80}.Debug|x86.Build.0 = Debug|Win32
		{81B1AD33-DA2A-4B91-A252-D65BC1516F80}.Release|x64.ActiveCfg = Release|x64
		{81B1AD33-DA2A-4B91-A252-D65BC1516F80}.Release|x64.Build.0 = Release|x64
		{81B1AD33-DA2A-4B91-A252-D65BC1516F80}.Release|x86.ActiveCfg = Release|Win32
		{81B1AD33-DA2A-4B91-A252-D65BC1516F80}.Release|x86.Build.0 = Release|Win32
		{DEC1EFF2-D56A-437F-BFBF-3F1C117E7C24}.Debug|x64.ActiveCfg = Debug|x64
		{DEC1EFF2-D56A-437F-BFBF-3F1C117E7C24}.Debug|x64.Build.0 = Debug|x64
		{DEC1EFF2-D56A-437F-BFBF-3F1C117E7C24}.Debug|x86.ActiveCfg = Debug|Win32
		{DEC1EFF2-D56A-437F-BFBF-3F1C117E7C24}.Debug|x86.Build.0 = Debug|Win32
		{DEC1EFF2-D56A-437F-BFBF-3F1C117E7C24}.Release|x64.ActiveCfg = Release|x64
		{DEC1EFF2-D56A-437F-BFBF-3F1C117E7C24}.Release|x64.Build.0 = Release|x64
		{DEC1EFF2-D56A-437F-BFBF-3F1C117E7C24}.Release|x86.ActiveCfg = Release|Win32
		{DEC1EFF2-D56A-437F-BFBF-3F1C117E7C24}.Release|x86.Build.0 = Release|Win32
		{49B14D4D-C43C-4750-9B01-3ABE9CA9BB84}.Debug|x64.ActiveCfg = Debug|x64
		{49B14D4D-C43C-4750-9B01-3ABE9CA9BB84}.Debug|x64.Build.0 = Debug|x64
		{49B14D4D-C43C-4750-9B01-3ABE9CA9BB84}.Debug|x86.ActiveCfg = Debug|Win32
		{49B14D4D-C43C-4750-9B01-3ABE9CA9BB84}.Debug|x86.Build.0 = Debug|Win32
		{49B14D4D-C43C-4750-9B01-3ABE9CA9BB84}.Release|x64.ActiveCfg = Release|x64
		{49B14D4D-C43C-4750-9B01-3ABE9CA9BB84}.Release|x64.Build.0 = Release|x64
		{49B14D4D-C43C-4750-9B01-3ABE9CA9BB84}.Release|x86.ActiveCfg = Release|Win32
		{49B14D4D-C43C-4750-9B01-3ABE9CA9BB84}.Release|x86.Build.0 = Release|Win32
		{DBEF2A10-FCD5-4272-A8A1-B3084B22031C}.Debug|x64.ActiveCfg = Debug|x64
		{DBEF2A10-FCD5-4272-A8A1-B3084B22031C}.Debug|x64.Build.0 = Debug|x64
		{DBEF2A10-FCD5-4272-A8A1-B3084B22031C}.Debug|x86.ActiveCfg = Debug|Win32
		{DBEF2A10-FCD5-4272-A8A1-B3084B22031C}.Debug|x86.Build.0 = Debug|Win32
		{DBEF2A10-FCD5-4272-A8A1-B3084B22031C}.Release|x64.ActiveCfg = Release|x64
		{DBEF2A10-FCD5-4272-A8A1-B3084B22031C}.Release|x64.Build.0 = Release|x64
		{DBEF2A10-FCD5-4272-A8A1-B3084B22031C}.Release|x86.ActiveCfg = Release|Win32
		{DBEF2A10-FCD5-4272-A8A1-B3084B22031C}.Release|x86.Build.0 = Release|Win32
		{CAB2C5AB-7B66-450E-A3AE-A371B9B66FB2}.Debug|x64.ActiveCfg = Debug|x64
		{CAB2C5AB-7B66-450E-A3AE-A371B9B66FB2}.Debug|x64.Build.0 = Debug|x64
		{CAB2C5AB-7B66-450E-A3AE-A371B9B66FB2}.Debug|x86.ActiveCfg = Debug|Win32
		{CAB2C5AB-7B66-450E-A3AE-A371B9B66FB2}.Debug|x86.Build.0 = Debug|Win32
		{CAB2C5AB-7B66-450E-A3AE-A371B9B66FB2}.Release|x64.ActiveCfg = Release|x64
		{CAB2C5AB-7B66-450E-A3AE-A371B9B66FB2}.Release|x64.Build.0 = Release|x64
		{CAB2C5AB-7B66-450E-A3AE-A371B9B66FB2}.Release|x86.ActiveCfg = Release|Win32
		{CAB2C5AB-7B66-450E-A3AE-A371B9B66FB2}.Release|x86.Build.0 = Release|Win32
		{87C3DBA3-19D5-4EFF-8B84-FF22A47308DC}.Debug|x64.ActiveCfg = Debug|x64
		{87C3DBA3-19D5-4EFF-8B84-FF22A47308DC}.Debug|x64.Build.0 = Debug|x64
		{87C3DBA3-19D5-4EFF-8B84-FF22A47308DC}.Debug|x86.ActiveCfg = Debug|Win32
		{87C3DBA3-19D5-4EFF-8B84-FF22A47308DC}.Debug|x86.Build.0 = Debug|Win32
		{87C3DBA3-19D5-4EFF-8B84-FF22A47308DC}.Release|x64.ActiveCfg = Release|x64
		{87C3DBA3-19D5-4EFF-8B84-FF22A47308DC}.Release|x64.Build.0 = Release|x64
		{87C3DBA3-19D5-4EFF-8B84-FF22A47308DC}.Release|x86.ActiveCfg = Release|Win32
		{87C3DBA3-19D5-4EFF-8B84-FF22A47308DC}.Release|x86.Build.0 = Release|Win32
	EndGlobalSection
	GlobalSection(SolutionProperties) = preSolution
		HideSolutionNode = FALSE
	EndGlobalSection
	GlobalSection(ExtensibilityGlobals) = postSolution
		SolutionGuid = {66B158CC-220F-4B85-99E3-FE341961B47C}
	EndGlobalSection
EndGlobal
